github.com/k1574/gomtool v0.0.0-20220616060224-023d1559d777 h1:r4Wm40GwE7GNC3VbIwVGtD8dPDw5NDsI5xlpcYF5Nv4=
github.com/k1574/gomtool v0.0.0-20220616060224-023d1559d777/go.mod h1:XT2+xWYiSEE6eX/nBgE6UnfIrBfijwPfv4fNJSVD+SA=
github.com/surdeus/gomtool v0.0.0-20220806023210-bb1d6be89aa1 h1:eTeqQV207H2ho0QFMxgxI75oT8E69aExmX6f6oltl9Y=
github.com/surdeus/gomtool v0.0.0-20220806023210-bb1d6be89aa1/go.mod h1:48d4QXOu0MwH0fbqseBInNdS6WiJ0+EzZU9K5sGu4uo=
github.com/surdeus/gomtool v0.0.0-20221011123848-b7dbc364ea3a h1:fUBhJuFtPNsJCi5//PT+Ni/QMNWzDVig28WK99FTkp0=
github.com/surdeus/gomtool v0.0.0-20221011123848-b7dbc364ea3a/go.mod h1:48d4QXOu0MwH0fbqseBInNdS6WiJ0+EzZU9K5sGu4uo=
github.com/surdeus/gomtool v0.0.0-20221123071619-d67de6873631 h1:dSnG4J2jusYRVnRRmuiqzSkl4vRMIJOQyI04UfKIwIM=
github.com/surdeus/gomtool v0.0.0-20221123071619-d67de6873631/go.mod h1:48d4QXOu0MwH0fbqseBInNdS6WiJ0+EzZU9K5sGu4uo=
github.com/surdeus/gomtool v0.0.0-20230216120523-b00a31dd9887 h1:lKe6TayY2qB50RqPYrHBlHPeJPevNViM+UQn8/2jBxc=
github.com/surdeus/gomtool v0.0.0-20230216120523-b00a31dd9887/go.mod h1:48d4QXOu0MwH0fbqseBInNdS6WiJ0+EzZU9K5sGu4uo=
github.com/surdeus/gomtool v0.0.0-20230324065513-d8d05cb8077d h1:COfpUMABa+RrsD05bOnXDx9FX+oaJ+dnKiLpqOODxl8=
github.com/surdeus/gomtool v0.0.0-20230324065513-d8d05cb8077d/go.mod h1:48d4QXOu0MwH0fbqseBInNdS6WiJ0+EzZU9K5sGu4uo=
github.com/surdeus/gomtool v0.0.0-20230324070550-2fb327b6a6a6 h1:aOXHUmhQS/mCo8r72dERsxAnYrlk/hP61BAyZ79MkDs=
github.com/surdeus/gomtool v0.0.0-20230324070550-2fb327b6a6a6/go.mod h1:48d4QXOu0MwH0fbqseBInNdS6WiJ0+EzZU9K5sGu4uo=
github.com/surdeus/gomtool v0.0.0-20230324073313-c382bc403f8b h1:9IJVeXxRDTPlp12DQ8M76ydoyDCUx6J4up5UM2DwIXQ=
github.com/surdeus/gomtool v0.0.0-20230324073313-c382bc403f8b/go.mod h1:48d4QXOu0MwH0fbqseBInNdS6WiJ0+EzZU9K5sGu4uo=
github.com/surdeus/gomtool v0.0.0-20230324163514-3199e25c3890 h1:mT4VDgCb2AgPfq2k4GfXI8O3I2sIjHJUaJwBvx95AYM=
github.com/surdeus/gomtool v0.0.0-20230324163514-3199e25c3890/go.mod h1:48d4QXOu0MwH0fbqseBInNdS6WiJ0+EzZU9K5sGu4uo=
