github.com/mojosa-software/gomtool v0.0.0-20230626085847-176486ff01a2 h1:xbw1/w6ZB8xRmaTS0mQvfTETF8M2/tSBfHJIR+cJyNE=
github.com/mojosa-software/gomtool v0.0.0-20230626085847-176486ff01a2/go.mod h1:cJ6/4rcQ/s22RTLuLtypFh7gubwG4OLSph3NHX3haAw=
github.com/mojosa-software/goscript v0.0.0-20230626091305-86a004b7769c h1:y7RQZz/zJDARRJkn4szD8N2rK6K9NU1vUNPwahtW5zw=
github.com/mojosa-software/goscript v0.0.0-20230626091305-86a004b7769c/go.mod h1:LtBn7lQTgA/TMEL8Y+dGkD6XWHV2gxRPZXiqCZt3HRc=
